
Microsoft Visual Studio Solution File, Format Version 12.00
# Visual Studio 15
VisualStudioVersion = 15.0.27703.2047
MinimumVisualStudioVersion = 10.0.40219.1
Project("{FAE04EC0-301F-11D3-BF4B-00C04F79EFBC}") = "Clients", "Clients\Clients.csproj", "{B4E897D1-42BC-4C82-9466-FB3198987CFF}"
EndProject
Global
	GlobalSection(SolutionConfigurationPlatforms) = preSolution
		Debug|Any CPU = Debug|Any CPU
		Release|Any CPU = Release|Any CPU
	EndGlobalSection
	GlobalSection(ProjectConfigurationPlatforms) = postSolution
		{B4E897D1-42BC-4C82-9466-FB3198987CFF}.Debug|Any CPU.ActiveCfg = Debug|Any CPU
		{B4E897D1-42BC-4C82-9466-FB3198987CFF}.Debug|Any CPU.Build.0 = Debug|Any CPU
		{B4E897D1-42BC-4C82-9466-FB3198987CFF}.Release|Any CPU.ActiveCfg = Release|Any CPU
		{B4E897D1-42BC-4C82-9466-FB3198987CFF}.Release|Any CPU.Build.0 = Release|Any CPU
	EndGlobalSection
	GlobalSection(SolutionProperties) = preSolution
		HideSolutionNode = FALSE
	EndGlobalSection
	GlobalSection(ExtensibilityGlobals) = postSolution
		SolutionGuid = {4FA7EEF4-0B16-4E7D-A058-88AEBF2D2020}
	EndGlobalSection
EndGlobal
